<Solution>
  <Folder Name="/src/">
    <Project Path="src/Fewshot.Api/Fewshot.Api.csproj" />
    <Project Path="src/Fewshot.Core/Fewshot.Core.csproj" />
    <Project Path="src/Fewshot.Dashboard/Fewshot.Dashboard.csproj" />
    <Project Path="src/Fewshot.Infrastructure/Fewshot.Infrastructure.csproj" />
    <Project Path="src/Fewshot.Mcp/Fewshot.Mcp.csproj" />
  </Folder>
  <Folder Name="/tests/">
    <Project Path="tests/Fewshot.Tests/Fewshot.Tests.csproj" />
  </Folder>
  <Folder Name="/tools/">
    <Project Path="tools/Fewshot.PackTool/Fewshot.PackTool.csproj" />
  </Folder>
</Solution>
